
Microsoft Visual Studio Solution File, Format Version 12.00
# Visual Studio 15
VisualStudioVersion = 15.0.26124.0
MinimumVisualStudioVersion = 15.0.26124.0
Project("{2150E333-8FDC-42A3-9474-1A3956D46DE8}") = "src", "src", "{072DC86F-FBA0-40BB-A1C8-6D417AC064DC}"
EndProject
Project("{F2A71F9B-5D33-465A-A702-920D77279786}") = "Client", "src\client\Client.fsproj", "{7FFA3003-539B-401A-9DEF-E2B26E6D2EC4}"
EndProject
Project("{F2A71F9B-5D33-465A-A702-920D77279786}") = "Server", "src\server\Server.fsproj", "{113A3E00-A695-496A-AEFA-A36CF5D8C3EF}"
EndProject
Global
	GlobalSection(SolutionConfigurationPlatforms) = preSolution
		Debug|Any CPU = Debug|Any CPU
		Debug|x64 = Debug|x64
		Debug|x86 = Debug|x86
		Release|Any CPU = Release|Any CPU
		Release|x64 = Release|x64
		Release|x86 = Release|x86
	EndGlobalSection
	GlobalSection(SolutionProperties) = preSolution
		HideSolutionNode = FALSE
	EndGlobalSection
	GlobalSection(ProjectConfigurationPlatforms) = postSolution
		{7FFA3003-539B-401A-9DEF-E2B26E6D2EC4}.Debug|Any CPU.ActiveCfg = Debug|Any CPU
		{7FFA3003-539B-401A-9DEF-E2B26E6D2EC4}.Debug|Any CPU.Build.0 = Debug|Any CPU
		{7FFA3003-539B-401A-9DEF-E2B26E6D2EC4}.Debug|x64.ActiveCfg = Debug|Any CPU
		{7FFA3003-539B-401A-9DEF-E2B26E6D2EC4}.Debug|x64.Build.0 = Debug|Any CPU
		{7FFA3003-539B-401A-9DEF-E2B26E6D2EC4}.Debug|x86.ActiveCfg = Debug|Any CPU
		{7FFA3003-539B-401A-9DEF-E2B26E6D2EC4}.Debug|x86.Build.0 = Debug|Any CPU
		{7FFA3003-539B-401A-9DEF-E2B26E6D2EC4}.Release|Any CPU.ActiveCfg = Release|Any CPU
		{7FFA3003-539B-401A-9DEF-E2B26E6D2EC4}.Release|Any CPU.Build.0 = Release|Any CPU
		{7FFA3003-539B-401A-9DEF-E2B26E6D2EC4}.Release|x64.ActiveCfg = Release|Any CPU
		{7FFA3003-539B-401A-9DEF-E2B26E6D2EC4}.Release|x64.Build.0 = Release|Any CPU
		{7FFA3003-539B-401A-9DEF-E2B26E6D2EC4}.Release|x86.ActiveCfg = Release|Any CPU
		{7FFA3003-539B-401A-9DEF-E2B26E6D2EC4}.Release|x86.Build.0 = Release|Any CPU
		{113A3E00-A695-496A-AEFA-A36CF5D8C3EF}.Debug|Any CPU.ActiveCfg = Debug|Any CPU
		{113A3E00-A695-496A-AEFA-A36CF5D8C3EF}.Debug|Any CPU.Build.0 = Debug|Any CPU
		{113A3E00-A695-496A-AEFA-A36CF5D8C3EF}.Debug|x64.ActiveCfg = Debug|Any CPU
		{113A3E00-A695-496A-AEFA-A36CF5D8C3EF}.Debug|x64.Build.0 = Debug|Any CPU
		{113A3E00-A695-496A-AEFA-A36CF5D8C3EF}.Debug|x86.ActiveCfg = Debug|Any CPU
		{113A3E00-A695-496A-AEFA-A36CF5D8C3EF}.Debug|x86.Build.0 = Debug|Any CPU
		{113A3E00-A695-496A-AEFA-A36CF5D8C3EF}.Release|Any CPU.ActiveCfg = Release|Any CPU
		{113A3E00-A695-496A-AEFA-A36CF5D8C3EF}.Release|Any CPU.Build.0 = Release|Any CPU
		{113A3E00-A695-496A-AEFA-A36CF5D8C3EF}.Release|x64.ActiveCfg = Release|Any CPU
		{113A3E00-A695-496A-AEFA-A36CF5D8C3EF}.Release|x64.Build.0 = Release|Any CPU
		{113A3E00-A695-496A-AEFA-A36CF5D8C3EF}.Release|x86.ActiveCfg = Release|Any CPU
		{113A3E00-A695-496A-AEFA-A36CF5D8C3EF}.Release|x86.Build.0 = Release|Any CPU
	EndGlobalSection
	GlobalSection(NestedProjects) = preSolution
		{7FFA3003-539B-401A-9DEF-E2B26E6D2EC4} = {072DC86F-FBA0-40BB-A1C8-6D417AC064DC}
		{113A3E00-A695-496A-AEFA-A36CF5D8C3EF} = {072DC86F-FBA0-40BB-A1C8-6D417AC064DC}
	EndGlobalSection
EndGlobal
